
Microsoft Visual Studio Solution File, Format Version 12.00
# Visual Studio 15
VisualStudioVersion = 15.0.28010.2046
MinimumVisualStudioVersion = 10.0.40219.1
Project("{FAE04EC0-301F-11D3-BF4B-00C04F79EFBC}") = "SimpleWPFApp", "SimpleWPFApp\SimpleWPFApp.csproj", "{9F0A4CC3-B4C0-4E1C-9AC6-4FEBDD77FE93}"
EndProject
Project("{FAE04EC0-301F-11D3-BF4B-00C04F79EFBC}") = "CodedUITestProject1", "CodedUITestProject1\CodedUITestProject1.csproj", "{13B23ABE-ED77-46AF-85DF-0D25E5C227BD}"
EndProject
Global
	GlobalSection(SolutionConfigurationPlatforms) = preSolution
		Debug|Any CPU = Debug|Any CPU
		Release|Any CPU = Release|Any CPU
	EndGlobalSection
	GlobalSection(ProjectConfigurationPlatforms) = postSolution
		{9F0A4CC3-B4C0-4E1C-9AC6-4FEBDD77FE93}.Debug|Any CPU.ActiveCfg = Debug|Any CPU
		{9F0A4CC3-B4C0-4E1C-9AC6-4FEBDD77FE93}.Debug|Any CPU.Build.0 = Debug|Any CPU
		{9F0A4CC3-B4C0-4E1C-9AC6-4FEBDD77FE93}.Release|Any CPU.ActiveCfg = Release|Any CPU
		{9F0A4CC3-B4C0-4E1C-9AC6-4FEBDD77FE93}.Release|Any CPU.Build.0 = Release|Any CPU
		{13B23ABE-ED77-46AF-85DF-0D25E5C227BD}.Debug|Any CPU.ActiveCfg = Debug|Any CPU
		{13B23ABE-ED77-46AF-85DF-0D25E5C227BD}.Debug|Any CPU.Build.0 = Debug|Any CPU
		{13B23ABE-ED77-46AF-85DF-0D25E5C227BD}.Release|Any CPU.ActiveCfg = Release|Any CPU
		{13B23ABE-ED77-46AF-85DF-0D25E5C227BD}.Release|Any CPU.Build.0 = Release|Any CPU
	EndGlobalSection
	GlobalSection(SolutionProperties) = preSolution
		HideSolutionNode = FALSE
	EndGlobalSection
	GlobalSection(ExtensibilityGlobals) = postSolution
		SolutionGuid = {27C31BC1-6A89-4D68-9D81-42B5A8364777}
	EndGlobalSection
EndGlobal
